
Microsoft Visual Studio Solution File, Format Version 12.00
# Visual Studio Version 17
VisualStudioVersion = 17.5.33627.172
MinimumVisualStudioVersion = 10.0.40219.1
Project("{FAE04EC0-301F-11D3-BF4B-00C04F79EFBC}") = "DeptOfEducation", "DeptOfEducation\DeptOfEducation.csproj", "{17C4B816-3CDB-4F6F-B58A-04F8F515948A}"
EndProject
Project("{FAE04EC0-301F-11D3-BF4B-00C04F79EFBC}") = "DeptOfEducationTests", "TestProject1\DeptOfEducationTests.csproj", "{507E6F31-B555-456A-B76A-52DC926C632E}"
EndProject
Global
	GlobalSection(SolutionConfigurationPlatforms) = preSolution
		Debug|Any CPU = Debug|Any CPU
		Release|Any CPU = Release|Any CPU
	EndGlobalSection
	GlobalSection(ProjectConfigurationPlatforms) = postSolution
		{17C4B816-3CDB-4F6F-B58A-04F8F515948A}.Debug|Any CPU.ActiveCfg = Debug|Any CPU
		{17C4B816-3CDB-4F6F-B58A-04F8F515948A}.Debug|Any CPU.Build.0 = Debug|Any CPU
		{17C4B816-3CDB-4F6F-B58A-04F8F515948A}.Release|Any CPU.ActiveCfg = Release|Any CPU
		{17C4B816-3CDB-4F6F-B58A-04F8F515948A}.Release|Any CPU.Build.0 = Release|Any CPU
		{507E6F31-B555-456A-B76A-52DC926C632E}.Debug|Any CPU.ActiveCfg = Debug|Any CPU
		{507E6F31-B555-456A-B76A-52DC926C632E}.Debug|Any CPU.Build.0 = Debug|Any CPU
		{507E6F31-B555-456A-B76A-52DC926C632E}.Release|Any CPU.ActiveCfg = Release|Any CPU
		{507E6F31-B555-456A-B76A-52DC926C632E}.Release|Any CPU.Build.0 = Release|Any CPU
	EndGlobalSection
	GlobalSection(SolutionProperties) = preSolution
		HideSolutionNode = FALSE
	EndGlobalSection
	GlobalSection(ExtensibilityGlobals) = postSolution
		SolutionGuid = {215DA793-C62C-4577-8560-36C92FB216E9}
	EndGlobalSection
EndGlobal
